
Microsoft Visual Studio Solution File, Format Version 12.00
# Visual Studio 15
VisualStudioVersion = 15.0.28307.1340
MinimumVisualStudioVersion = 10.0.40219.1
Project("{FAE04EC0-301F-11D3-BF4B-00C04F79EFBC}") = "ShopBridgeWebAPI", "ShopBridgeWebAPI\ShopBridgeWebAPI.csproj", "{BB8F528F-AFCF-4C21-8F3F-33953532EEEC}"
EndProject
Project("{FAE04EC0-301F-11D3-BF4B-00C04F79EFBC}") = "ShopBridgeMVC", "ShopBridgeMVC\ShopBridgeMVC.csproj", "{5D44DAF8-1588-48B5-842E-D72E95AF83D2}"
EndProject
Global
	GlobalSection(SolutionConfigurationPlatforms) = preSolution
		Debug|Any CPU = Debug|Any CPU
		Release|Any CPU = Release|Any CPU
	EndGlobalSection
	GlobalSection(ProjectConfigurationPlatforms) = postSolution
		{BB8F528F-AFCF-4C21-8F3F-33953532EEEC}.Debug|Any CPU.ActiveCfg = Debug|Any CPU
		{BB8F528F-AFCF-4C21-8F3F-33953532EEEC}.Debug|Any CPU.Build.0 = Debug|Any CPU
		{BB8F528F-AFCF-4C21-8F3F-33953532EEEC}.Release|Any CPU.ActiveCfg = Release|Any CPU
		{BB8F528F-AFCF-4C21-8F3F-33953532EEEC}.Release|Any CPU.Build.0 = Release|Any CPU
		{5D44DAF8-1588-48B5-842E-D72E95AF83D2}.Debug|Any CPU.ActiveCfg = Debug|Any CPU
		{5D44DAF8-1588-48B5-842E-D72E95AF83D2}.Debug|Any CPU.Build.0 = Debug|Any CPU
		{5D44DAF8-1588-48B5-842E-D72E95AF83D2}.Release|Any CPU.ActiveCfg = Release|Any CPU
		{5D44DAF8-1588-48B5-842E-D72E95AF83D2}.Release|Any CPU.Build.0 = Release|Any CPU
	EndGlobalSection
	GlobalSection(SolutionProperties) = preSolution
		HideSolutionNode = FALSE
	EndGlobalSection
	GlobalSection(ExtensibilityGlobals) = postSolution
		SolutionGuid = {81EA6E98-35A5-4F74-9D7D-E5F8219F4169}
	EndGlobalSection
EndGlobal
